// !$*UTF8*$!
{
	archiveVersion = 1;
	classes = {
	};
	objectVersion = 50;
	objects = {

/* Begin PBXBuildFile section */
		5DF1078623FCF69D0013A032 /* AppDelegate.swift in Sources */ = {isa = PBXBuildFile; fileRef = 5DF1078523FCF69D0013A032 /* AppDelegate.swift */; };
		5DF1078823FCF69D0013A032 /* SceneDelegate.swift in Sources */ = {isa = PBXBuildFile; fileRef = 5DF1078723FCF69D0013A032 /* SceneDelegate.swift */; };
		5DF1078A23FCF69D0013A032 /* ViewController.swift in Sources */ = {isa = PBXBuildFile; fileRef = 5DF1078923FCF69D0013A032 /* ViewController.swift */; };
		5DF1078D23FCF69D0013A032 /* Main.storyboard in Resources */ = {isa = PBXBuildFile; fileRef = 5DF1078B23FCF69D0013A032 /* Main.storyboard */; };
		5DF1079023FCF69D0013A032 /* DataBase_Core.xcdatamodeld in Sources */ = {isa = PBXBuildFile; fileRef = 5DF1078E23FCF69D0013A032 /* DataBase_Core.xcdatamodeld */; };
		5DF1079223FCF6A40013A032 /* Assets.xcassets in Resources */ = {isa = PBXBuildFile; fileRef = 5DF1079123FCF6A40013A032 /* Assets.xcassets */; };
		5DF1079523FCF6A40013A032 /* LaunchScreen.storyboard in Resources */ = {isa = PBXBuildFile; fileRef = 5DF1079323FCF6A40013A032 /* LaunchScreen.storyboard */; };
		5DF1079D23FD06860013A032 /* AddDetailsViewController.swift in Sources */ = {isa = PBXBuildFile; fileRef = 5DF1079C23FD06860013A032 /* AddDetailsViewController.swift */; };
		5DF1079F23FD06A00013A032 /* SupportFile.swift in Sources */ = {isa = PBXBuildFile; fileRef = 5DF1079E23FD06A00013A032 /* SupportFile.swift */; };
		5DF107A323FD0AFA0013A032 /* GlobalFunctions.swift in Sources */ = {isa = PBXBuildFile; fileRef = 5DF107A223FD0AFA0013A032 /* GlobalFunctions.swift */; };
		8F6A2B27F0A8CEA79F510E92 /* Pods_DataBase_Core.framework in Frameworks */ = {isa = PBXBuildFile; fileRef = EF2F51E9712BCA8574FA8D52 /* Pods_DataBase_Core.framework */; };
/* End PBXBuildFile section */

/* Begin PBXFileReference section */
		3C16E2700519073DD8C8DDB2 /* Pods-DataBase_Core.debug.xcconfig */ = {isa = PBXFileReference; includeInIndex = 1; lastKnownFileType = text.xcconfig; name = "Pods-DataBase_Core.debug.xcconfig"; path = "Target Support Files/Pods-DataBase_Core/Pods-DataBase_Core.debug.xcconfig"; sourceTree = "<group>"; };
		4E7E87BBC2C08ECF87DC2320 /* Pods-DataBase_Core.release.xcconfig */ = {isa = PBXFileReference; includeInIndex = 1; lastKnownFileType = text.xcconfig; name = "Pods-DataBase_Core.release.xcconfig"; path = "Target Support Files/Pods-DataBase_Core/Pods-DataBase_Core.release.xcconfig"; sourceTree = "<group>"; };
		5DF1078223FCF69D0013A032 /* DataBase_Core.app */ = {isa = PBXFileReference; explicitFileType = wrapper.application; includeInIndex = 0; path = DataBase_Core.app; sourceTree = BUILT_PRODUCTS_DIR; };
		5DF1078523FCF69D0013A032 /* AppDelegate.swift */ = {isa = PBXFileReference; lastKnownFileType = sourcecode.swift; path = AppDelegate.swift; sourceTree = "<group>"; };
		5DF1078723FCF69D0013A032 /* SceneDelegate.swift */ = {isa = PBXFileReference; lastKnownFileType = sourcecode.swift; path = SceneDelegate.swift; sourceTree = "<group>"; };
		5DF1078923FCF69D0013A032 /* ViewController.swift */ = {isa = PBXFileReference; lastKnownFileType = sourcecode.swift; path = ViewController.swift; sourceTree = "<group>"; };
		5DF1078C23FCF69D0013A032 /* Base */ = {isa = PBXFileReference; lastKnownFileType = file.storyboard; name = Base; path = Base.lproj/Main.storyboard; sourceTree = "<group>"; };
		5DF1078F23FCF69D0013A032 /* DataBase_Core.xcdatamodel */ = {isa = PBXFileReference; lastKnownFileType = wrapper.xcdatamodel; path = DataBase_Core.xcdatamodel; sourceTree = "<group>"; };
		5DF1079123FCF6A40013A032 /* Assets.xcassets */ = {isa = PBXFileReference; lastKnownFileType = folder.assetcatalog; path = Assets.xcassets; sourceTree = "<group>"; };
		5DF1079423FCF6A40013A032 /* Base */ = {isa = PBXFileReference; lastKnownFileType = file.storyboard; name = Base; path = Base.lproj/LaunchScreen.storyboard; sourceTree = "<group>"; };
		5DF1079623FCF6A40013A032 /* Info.plist */ = {isa = PBXFileReference; lastKnownFileType = text.plist.xml; path = Info.plist; sourceTree = "<group>"; };
		5DF1079C23FD06860013A032 /* AddDetailsViewController.swift */ = {isa = PBXFileReference; lastKnownFileType = sourcecode.swift; path = AddDetailsViewController.swift; sourceTree = "<group>"; };
		5DF1079E23FD06A00013A032 /* SupportFile.swift */ = {isa = PBXFileReference; lastKnownFileType = sourcecode.swift; path = SupportFile.swift; sourceTree = "<group>"; };
		5DF107A223FD0AFA0013A032 /* GlobalFunctions.swift */ = {isa = PBXFileReference; lastKnownFileType = sourcecode.swift; path = GlobalFunctions.swift; sourceTree = "<group>"; };
		EF2F51E9712BCA8574FA8D52 /* Pods_DataBase_Core.framework */ = {isa = PBXFileReference; explicitFileType = wrapper.framework; includeInIndex = 0; path = Pods_DataBase_Core.framework; sourceTree = BUILT_PRODUCTS_DIR; };
/* End PBXFileReference section */

/* Begin PBXFrameworksBuildPhase section */
		5DF1077F23FCF69D0013A032 /* Frameworks */ = {
			isa = PBXFrameworksBuildPhase;
			buildActionMask = 2147483647;
			files = (
				8F6A2B27F0A8CEA79F510E92 /* Pods_DataBase_Core.framework in Frameworks */,
			);
			runOnlyForDeploymentPostprocessing = 0;
		};
/* End PBXFrameworksBuildPhase section */

/* Begin PBXGroup section */
		2A50B7E60D59BD179E4D45C2 /* Pods */ = {
			isa = PBXGroup;
			children = (
				3C16E2700519073DD8C8DDB2 /* Pods-DataBase_Core.debug.xcconfig */,
				4E7E87BBC2C08ECF87DC2320 /* Pods-DataBase_Core.release.xcconfig */,
			);
			name = Pods;
			path = Pods;
			sourceTree = "<group>";
		};
		5DF1077923FCF69D0013A032 = {
			isa = PBXGroup;
			children = (
				5DF1078423FCF69D0013A032 /* DataBase_Core */,
				5DF1078323FCF69D0013A032 /* Products */,
				2A50B7E60D59BD179E4D45C2 /* Pods */,
				84937B01EAE92BDF64184D4D /* Frameworks */,
			);
			sourceTree = "<group>";
		};
		5DF1078323FCF69D0013A032 /* Products */ = {
			isa = PBXGroup;
			children = (
				5DF1078223FCF69D0013A032 /* DataBase_Core.app */,
			);
			name = Products;
			sourceTree = "<group>";
		};
		5DF1078423FCF69D0013A032 /* DataBase_Core */ = {
			isa = PBXGroup;
			children = (
				5DF1078523FCF69D0013A032 /* AppDelegate.swift */,
				5DF1078723FCF69D0013A032 /* SceneDelegate.swift */,
				5DF1078B23FCF69D0013A032 /* Main.storyboard */,
				5DF107A023FD06DD0013A032 /* ClassViewController */,
				5DF1079123FCF6A40013A032 /* Assets.xcassets */,
				5DF1079323FCF6A40013A032 /* LaunchScreen.storyboard */,
				5DF1079623FCF6A40013A032 /* Info.plist */,
				5DF1078E23FCF69D0013A032 /* DataBase_Core.xcdatamodeld */,
			);
			path = DataBase_Core;
			sourceTree = "<group>";
		};
		5DF107A023FD06DD0013A032 /* ClassViewController */ = {
			isa = PBXGroup;
			children = (
				5DF107A123FD06F60013A032 /* SupportFile */,
				5DF1078923FCF69D0013A032 /* ViewController.swift */,
				5DF1079C23FD06860013A032 /* AddDetailsViewController.swift */,
			);
			path = ClassViewController;
			sourceTree = "<group>";
		};
		5DF107A123FD06F60013A032 /* SupportFile */ = {
			isa = PBXGroup;
			children = (
				5DF1079E23FD06A00013A032 /* SupportFile.swift */,
				5DF107A223FD0AFA0013A032 /* GlobalFunctions.swift */,
			);
			path = SupportFile;
			sourceTree = "<group>";
		};
		84937B01EAE92BDF64184D4D /* Frameworks */ = {
			isa = PBXGroup;
			children = (
				EF2F51E9712BCA8574FA8D52 /* Pods_DataBase_Core.framework */,
			);
			name = Frameworks;
			sourceTree = "<group>";
		};
/* End PBXGroup section */

/* Begin PBXNativeTarget section */
		5DF1078123FCF69D0013A032 /* DataBase_Core */ = {
			isa = PBXNativeTarget;
			buildConfigurationList = 5DF1079923FCF6A40013A032 /* Build configuration list for PBXNativeTarget "DataBase_Core" */;
			buildPhases = (
				3F85DE04A286523F0AF1D896 /* [CP] Check Pods Manifest.lock */,
				5DF1077E23FCF69D0013A032 /* Sources */,
				5DF1077F23FCF69D0013A032 /* Frameworks */,
				5DF1078023FCF69D0013A032 /* Resources */,
				F6CFF1B5DCE51B9241964B32 /* [CP] Embed Pods Frameworks */,
			);
			buildRules = (
			);
			dependencies = (
			);
			name = DataBase_Core;
			productName = DataBase_Core;
			productReference = 5DF1078223FCF69D0013A032 /* DataBase_Core.app */;
			productType = "com.apple.product-type.application";
		};
/* End PBXNativeTarget section */

/* Begin PBXProject section */
		5DF1077A23FCF69D0013A032 /* Project object */ = {
			isa = PBXProject;
			attributes = {
				LastSwiftUpdateCheck = 1130;
				LastUpgradeCheck = 1130;
				ORGANIZATIONNAME = w3OnDemand;
				TargetAttributes = {
					5DF1078123FCF69D0013A032 = {
						CreatedOnToolsVersion = 11.3.1;
					};
				};
			};
			buildConfigurationList = 5DF1077D23FCF69D0013A032 /* Build configuration list for PBXProject "DataBase_Core" */;
			compatibilityVersion = "Xcode 9.3";
			developmentRegion = en;
			hasScannedForEncodings = 0;
			knownRegions = (
				en,
				Base,
			);
			mainGroup = 5DF1077923FCF69D0013A032;
			productRefGroup = 5DF1078323FCF69D0013A032 /* Products */;
			projectDirPath = "";
			projectRoot = "";
			targets = (
				5DF1078123FCF69D0013A032 /* DataBase_Core */,
			);
		};
/* End PBXProject section */

/* Begin PBXResourcesBuildPhase section */
		5DF1078023FCF69D0013A032 /* Resources */ = {
			isa = PBXResourcesBuildPhase;
			buildActionMask = 2147483647;
			files = (
				5DF1079523FCF6A40013A032 /* LaunchScreen.storyboard in Resources */,
				5DF1079223FCF6A40013A032 /* Assets.xcassets in Resources */,
				5DF1078D23FCF69D0013A032 /* Main.storyboard in Resources */,
			);
			runOnlyForDeploymentPostprocessing = 0;
		};
/* End PBXResourcesBuildPhase section */

/* Begin PBXShellScriptBuildPhase section */
		3F85DE04A286523F0AF1D896 /* [CP] Check Pods Manifest.lock */ = {
			isa = PBXShellScriptBuildPhase;
			buildActionMask = 2147483647;
			files = (
			);
			inputFileListPaths = (
			);
			inputPaths = (
				"${PODS_PODFILE_DIR_PATH}/Podfile.lock",
				"${PODS_ROOT}/Manifest.lock",
			);
			name = "[CP] Check Pods Manifest.lock";
			outputFileListPaths = (
			);
			outputPaths = (
				"$(DERIVED_FILE_DIR)/Pods-DataBase_Core-checkManifestLockResult.txt",
			);
			runOnlyForDeploymentPostprocessing = 0;
			shellPath = /bin/sh;
			shellScript = "diff \"${PODS_PODFILE_DIR_PATH}/Podfile.lock\" \"${PODS_ROOT}/Manifest.lock\" > /dev/null\nif [ $? != 0 ] ; then\n    # print error to STDERR\n    echo \"error: The sandbox is not in sync with the Podfile.lock. Run 'pod install' or update your CocoaPods installation.\" >&2\n    exit 1\nfi\n# This output is used by Xcode 'outputs' to avoid re-running this script phase.\necho \"SUCCESS\" > \"${SCRIPT_OUTPUT_FILE_0}\"\n";
			showEnvVarsInLog = 0;
		};
		F6CFF1B5DCE51B9241964B32 /* [CP] Embed Pods Frameworks */ = {
			isa = PBXShellScriptBuildPhase;
			buildActionMask = 2147483647;
			files = (
			);
			inputFileListPaths = (
				"${PODS_ROOT}/Target Support Files/Pods-DataBase_Core/Pods-DataBase_Core-frameworks-${CONFIGURATION}-input-files.xcfilelist",
			);
			name = "[CP] Embed Pods Frameworks";
			outputFileListPaths = (
				"${PODS_ROOT}/Target Support Files/Pods-DataBase_Core/Pods-DataBase_Core-frameworks-${CONFIGURATION}-output-files.xcfilelist",
			);
			runOnlyForDeploymentPostprocessing = 0;
			shellPath = /bin/sh;
			shellScript = "\"${PODS_ROOT}/Target Support Files/Pods-DataBase_Core/Pods-DataBase_Core-frameworks.sh\"\n";
			showEnvVarsInLog = 0;
		};
/* End PBXShellScriptBuildPhase section */

/* Begin PBXSourcesBuildPhase section */
		5DF1077E23FCF69D0013A032 /* Sources */ = {
			isa = PBXSourcesBuildPhase;
			buildActionMask = 2147483647;
			files = (
				5DF1079D23FD06860013A032 /* AddDetailsViewController.swift in Sources */,
				5DF1078A23FCF69D0013A032 /* ViewController.swift in Sources */,
				5DF107A323FD0AFA0013A032 /* GlobalFunctions.swift in Sources */,
				5DF1078623FCF69D0013A032 /* AppDelegate.swift in Sources */,
				5DF1078823FCF69D0013A032 /* SceneDelegate.swift in Sources */,
				5DF1079023FCF69D0013A032 /* DataBase_Core.xcdatamodeld in Sources */,
				5DF1079F23FD06A00013A032 /* SupportFile.swift in Sources */,
			);
			runOnlyForDeploymentPostprocessing = 0;
		};
/* End PBXSourcesBuildPhase section */

/* Begin PBXVariantGroup section */
		5DF1078B23FCF69D0013A032 /* Main.storyboard */ = {
			isa = PBXVariantGroup;
			children = (
				5DF1078C23FCF69D0013A032 /* Base */,
			);
			name = Main.storyboard;
			sourceTree = "<group>";
		};
		5DF1079323FCF6A40013A032 /* LaunchScreen.storyboard */ = {
			isa = PBXVariantGroup;
			children = (
				5DF1079423FCF6A40013A032 /* Base */,
			);
			name = LaunchScreen.storyboard;
			sourceTree = "<group>";
		};
/* End PBXVariantGroup section */

/* Begin XCBuildConfiguration section */
		5DF1079723FCF6A40013A032 /* Debug */ = {
			isa = XCBuildConfiguration;
			buildSettings = {
				ALWAYS_SEARCH_USER_PATHS = NO;
				CLANG_ANALYZER_NONNULL = YES;
				CLANG_ANALYZER_NUMBER_OBJECT_CONVERSION = YES_AGGRESSIVE;
				CLANG_CXX_LANGUAGE_STANDARD = "gnu++14";
				CLANG_CXX_LIBRARY = "libc++";
				CLANG_ENABLE_MODULES = YES;
				CLANG_ENABLE_OBJC_ARC = YES;
				CLANG_ENABLE_OBJC_WEAK = YES;
				CLANG_WARN_BLOCK_CAPTURE_AUTORELEASING = YES;
				CLANG_WARN_BOOL_CONVERSION = YES;
				CLANG_WARN_COMMA = YES;
				CLANG_WARN_CONSTANT_CONVERSION = YES;
				CLANG_WARN_DEPRECATED_OBJC_IMPLEMENTATIONS = YES;
				CLANG_WARN_DIRECT_OBJC_ISA_USAGE = YES_ERROR;
				CLANG_WARN_DOCUMENTATION_COMMENTS = YES;
				CLANG_WARN_EMPTY_BODY = YES;
				CLANG_WARN_ENUM_CONVERSION = YES;
				CLANG_WARN_INFINITE_RECURSION = YES;
				CLANG_WARN_INT_CONVERSION = YES;
				CLANG_WARN_NON_LITERAL_NULL_CONVERSION = YES;
				CLANG_WARN_OBJC_IMPLICIT_RETAIN_SELF = YES;
				CLANG_WARN_OBJC_LITERAL_CONVERSION = YES;
				CLANG_WARN_OBJC_ROOT_CLASS = YES_ERROR;
				CLANG_WARN_RANGE_LOOP_ANALYSIS = YES;
				CLANG_WARN_STRICT_PROTOTYPES = YES;
				CLANG_WARN_SUSPICIOUS_MOVE = YES;
				CLANG_WARN_UNGUARDED_AVAILABILITY = YES_AGGRESSIVE;
				CLANG_WARN_UNREACHABLE_CODE = YES;
				CLANG_WARN__DUPLICATE_METHOD_MATCH = YES;
				COPY_PHASE_STRIP = NO;
				DEBUG_INFORMATION_FORMAT = dwarf;
				ENABLE_STRICT_OBJC_MSGSEND = YES;
				ENABLE_TESTABILITY = YES;
				GCC_C_LANGUAGE_STANDARD = gnu11;
				GCC_DYNAMIC_NO_PIC = NO;
				GCC_NO_COMMON_BLOCKS = YES;
				GCC_OPTIMIZATION_LEVEL = 0;
				GCC_PREPROCESSOR_DEFINITIONS = (
					"DEBUG=1",
					"$(inherited)",
				);
				GCC_WARN_64_TO_32_BIT_CONVERSION = YES;
				GCC_WARN_ABOUT_RETURN_TYPE = YES_ERROR;
				GCC_WARN_UNDECLARED_SELECTOR = YES;
				GCC_WARN_UNINITIALIZED_AUTOS = YES_AGGRESSIVE;
				GCC_WARN_UNUSED_FUNCTION = YES;
				GCC_WARN_UNUSED_VARIABLE = YES;
				IPHONEOS_DEPLOYMENT_TARGET = 13.2;
				MTL_ENABLE_DEBUG_INFO = INCLUDE_SOURCE;
				MTL_FAST_MATH = YES;
				ONLY_ACTIVE_ARCH = YES;
				SDKROOT = iphoneos;
				SWIFT_ACTIVE_COMPILATION_CONDITIONS = DEBUG;
				SWIFT_OPTIMIZATION_LEVEL = "-Onone";
			};
			name = Debug;
		};
		5DF1079823FCF6A40013A032 /* Release */ = {
			isa = XCBuildConfiguration;
			buildSettings = {
				ALWAYS_SEARCH_USER_PATHS = NO;
				CLANG_ANALYZER_NONNULL = YES;
				CLANG_ANALYZER_NUMBER_OBJECT_CONVERSION = YES_AGGRESSIVE;
				CLANG_CXX_LANGUAGE_STANDARD = "gnu++14";
				CLANG_CXX_LIBRARY = "libc++";
				CLANG_ENABLE_MODULES = YES;
				CLANG_ENABLE_OBJC_ARC = YES;
				CLANG_ENABLE_OBJC_WEAK = YES;
				CLANG_WARN_BLOCK_CAPTURE_AUTORELEASING = YES;
				CLANG_WARN_BOOL_CONVERSION = YES;
				CLANG_WARN_COMMA = YES;
				CLANG_WARN_CONSTANT_CONVERSION = YES;
				CLANG_WARN_DEPRECATED_OBJC_IMPLEMENTATIONS = YES;
				CLANG_WARN_DIRECT_OBJC_ISA_USAGE = YES_ERROR;
				CLANG_WARN_DOCUMENTATION_COMMENTS = YES;
				CLANG_WARN_EMPTY_BODY = YES;
				CLANG_WARN_ENUM_CONVERSION = YES;
				CLANG_WARN_INFINITE_RECURSION = YES;
				CLANG_WARN_INT_CONVERSION = YES;
				CLANG_WARN_NON_LITERAL_NULL_CONVERSION = YES;
				CLANG_WARN_OBJC_IMPLICIT_RETAIN_SELF = YES;
				CLANG_WARN_OBJC_LITERAL_CONVERSION = YES;
				CLANG_WARN_OBJC_ROOT_CLASS = YES_ERROR;
				CLANG_WARN_RANGE_LOOP_ANALYSIS = YES;
				CLANG_WARN_STRICT_PROTOTYPES = YES;
				CLANG_WARN_SUSPICIOUS_MOVE = YES;
				CLANG_WARN_UNGUARDED_AVAILABILITY = YES_AGGRESSIVE;
				CLANG_WARN_UNREACHABLE_CODE = YES;
				CLANG_WARN__DUPLICATE_METHOD_MATCH = YES;
				COPY_PHASE_STRIP = NO;
				DEBUG_INFORMATION_FORMAT = "dwarf-with-dsym";
				ENABLE_NS_ASSERTIONS = NO;
				ENABLE_STRICT_OBJC_MSGSEND = YES;
				GCC_C_LANGUAGE_STANDARD = gnu11;
				GCC_NO_COMMON_BLOCKS = YES;
				GCC_WARN_64_TO_32_BIT_CONVERSION = YES;
				GCC_WARN_ABOUT_RETURN_TYPE = YES_ERROR;
				GCC_WARN_UNDECLARED_SELECTOR = YES;
				GCC_WARN_UNINITIALIZED_AUTOS = YES_AGGRESSIVE;
				GCC_WARN_UNUSED_FUNCTION = YES;
				GCC_WARN_UNUSED_VARIABLE = YES;
				IPHONEOS_DEPLOYMENT_TARGET = 13.2;
				MTL_ENABLE_DEBUG_INFO = NO;
				MTL_FAST_MATH = YES;
				SDKROOT = iphoneos;
				SWIFT_COMPILATION_MODE = wholemodule;
				SWIFT_OPTIMIZATION_LEVEL = "-O";
				VALIDATE_PRODUCT = YES;
			};
			name = Release;
		};
		5DF1079A23FCF6A40013A032 /* Debug */ = {
			isa = XCBuildConfiguration;
			baseConfigurationReference = 3C16E2700519073DD8C8DDB2 /* Pods-DataBase_Core.debug.xcconfig */;
			buildSettings = {
				ASSETCATALOG_COMPILER_APPICON_NAME = AppIcon;
				CODE_SIGN_STYLE = Automatic;
				DEVELOPMENT_TEAM = 2FNG7JN6W3;
				INFOPLIST_FILE = DataBase_Core/Info.plist;
				LD_RUNPATH_SEARCH_PATHS = (
					"$(inherited)",
					"@executable_path/Frameworks",
				);
				PRODUCT_BUNDLE_IDENTIFIER = "abc.DataBase-Core";
				PRODUCT_NAME = "$(TARGET_NAME)";
				SWIFT_VERSION = 5.0;
				TARGETED_DEVICE_FAMILY = "1,2";
			};
			name = Debug;
		};
		5DF1079B23FCF6A40013A032 /* Release */ = {
			isa = XCBuildConfiguration;
			baseConfigurationReference = 4E7E87BBC2C08ECF87DC2320 /* Pods-DataBase_Core.release.xcconfig */;
			buildSettings = {
				ASSETCATALOG_COMPILER_APPICON_NAME = AppIcon;
				CODE_SIGN_STYLE = Automatic;
				DEVELOPMENT_TEAM = 2FNG7JN6W3;
				INFOPLIST_FILE = DataBase_Core/Info.plist;
				LD_RUNPATH_SEARCH_PATHS = (
					"$(inherited)",
					"@executable_path/Frameworks",
				);
				PRODUCT_BUNDLE_IDENTIFIER = "abc.DataBase-Core";
				PRODUCT_NAME = "$(TARGET_NAME)";
				SWIFT_VERSION = 5.0;
				TARGETED_DEVICE_FAMILY = "1,2";
			};
			name = Release;
		};
/* End XCBuildConfiguration section */

/* Begin XCConfigurationList section */
		5DF1077D23FCF69D0013A032 /* Build configuration list for PBXProject "DataBase_Core" */ = {
			isa = XCConfigurationList;
			buildConfigurations = (
				5DF1079723FCF6A40013A032 /* Debug */,
				5DF1079823FCF6A40013A032 /* Release */,
			);
			defaultConfigurationIsVisible = 0;
			defaultConfigurationName = Release;
		};
		5DF1079923FCF6A40013A032 /* Build configuration list for PBXNativeTarget "DataBase_Core" */ = {
			isa = XCConfigurationList;
			buildConfigurations = (
				5DF1079A23FCF6A40013A032 /* Debug */,
				5DF1079B23FCF6A40013A032 /* Release */,
			);
			defaultConfigurationIsVisible = 0;
			defaultConfigurationName = Release;
		};
/* End XCConfigurationList section */

/* Begin XCVersionGroup section */
		5DF1078E23FCF69D0013A032 /* DataBase_Core.xcdatamodeld */ = {
			isa = XCVersionGroup;
			children = (
				5DF1078F23FCF69D0013A032 /* DataBase_Core.xcdatamodel */,
			);
			currentVersion = 5DF1078F23FCF69D0013A032 /* DataBase_Core.xcdatamodel */;
			path = DataBase_Core.xcdatamodeld;
			sourceTree = "<group>";
			versionGroupType = wrapper.xcdatamodel;
		};
/* End XCVersionGroup section */
	};
	rootObject = 5DF1077A23FCF69D0013A032 /* Project object */;
}
